
Microsoft Visual Studio Solution File, Format Version 12.00
Project("{FAE04EC0-301F-11D3-BF4B-00C04F79EFBC}") = "Ovning_1-Personalregister", "Ovning_1-Personalregister.csproj", "{2C4F9C45-CFD9-41DD-8323-F5663D6ED9D2}"
EndProject
Global
	GlobalSection(SolutionConfigurationPlatforms) = preSolution
		Debug|Any CPU = Debug|Any CPU
		Release|Any CPU = Release|Any CPU
	EndGlobalSection
	GlobalSection(ProjectConfigurationPlatforms) = postSolution
		{2C4F9C45-CFD9-41DD-8323-F5663D6ED9D2}.Debug|Any CPU.ActiveCfg = Debug|Any CPU
		{2C4F9C45-CFD9-41DD-8323-F5663D6ED9D2}.Debug|Any CPU.Build.0 = Debug|Any CPU
		{2C4F9C45-CFD9-41DD-8323-F5663D6ED9D2}.Release|Any CPU.ActiveCfg = Release|Any CPU
		{2C4F9C45-CFD9-41DD-8323-F5663D6ED9D2}.Release|Any CPU.Build.0 = Release|Any CPU
	EndGlobalSection
EndGlobal
